{
  "name": "@antimatterjs/react",
  "version": "0.0.0",
  "lockfileVersion": 1,
  "requires": true,
  "dependencies": {
    "@fluentui/date-time-utilities": {
      "version": "8.0.3",
      "resolved": "https://registry.npmjs.org/@fluentui/date-time-utilities/-/date-time-utilities-8.0.3.tgz",
      "integrity": "sha512-dgiDSYctyKo56eNI7J3013KtOwVsNXvAFnDySVDkEp4BCQOZN9OVwp9kOgZRgoUGM1KOlDf8Ei2ThJsq6lmPXw==",
      "requires": {
        "@fluentui/set-version": "^8.0.3",
        "tslib": "^1.10.0"
      }
    },
    "@fluentui/dom-utilities": {
      "version": "2.0.3",
      "resolved": "https://registry.npmjs.org/@fluentui/dom-utilities/-/dom-utilities-2.0.3.tgz",
      "integrity": "sha512-RaUoEYd12TeEjvKLBtfXDZmjreaV6qIfBB7G+QCuBpv5FF7TjhrGK3WDZ7oaG0dkdegAx+ecyUFyOfoBRPJLkg==",
      "requires": {
        "@fluentui/set-version": "^8.0.3",
        "tslib": "^1.10.0"
      }
    },
    "@fluentui/font-icons-mdl2": {
      "version": "8.0.5",
      "resolved": "https://registry.npmjs.org/@fluentui/font-icons-mdl2/-/font-icons-mdl2-8.0.5.tgz",
      "integrity": "sha512-/2Qx/LCZH+rupbhzZ+WKCrw2XK3J2wj3pjMPLTLj/6rnmouA7yywFDiHIAseQXPhY34nzRVX4x3zEjz3RMWvmA==",
      "requires": {
        "@fluentui/set-version": "^8.0.3",
        "@fluentui/style-utilities": "^8.0.5",
        "tslib": "^1.10.0"
      }
    },
    "@fluentui/foundation-legacy": {
      "version": "8.0.5",
      "resolved": "https://registry.npmjs.org/@fluentui/foundation-legacy/-/foundation-legacy-8.0.5.tgz",
      "integrity": "sha512-bHODfopWfT4HfBvXFCyfKxi7/BrIVgKUvQ4X3L2GXUZv6jjQMvLPWZ1u8n2tdp91ch1KSWnBXklGaK/nyK1M5w==",
      "requires": {
        "@fluentui/merge-styles": "^8.0.4",
        "@fluentui/set-version": "^8.0.3",
        "@fluentui/style-utilities": "^8.0.5",
        "@fluentui/utilities": "^8.0.5",
        "tslib": "^1.10.0"
      }
    },
    "@fluentui/keyboard-key": {
      "version": "0.2.17",
      "resolved": "https://registry.npmjs.org/@fluentui/keyboard-key/-/keyboard-key-0.2.17.tgz",
      "integrity": "sha512-iT1bU56rKrKEOfODoW6fScY11qj3iaYrZ+z11T6fo5+TDm84UGkkXjLXJTE57ZJzg0/gbccHQWYv+chY7bJN8Q==",
      "requires": {
        "tslib": "^1.10.0"
      }
    },
    "@fluentui/merge-styles": {
      "version": "8.0.4",
      "resolved": "https://registry.npmjs.org/@fluentui/merge-styles/-/merge-styles-8.0.4.tgz",
      "integrity": "sha512-2fd4u8u32hEdPGNBxTpUKQq5uUeMeJ0zigDjzAi6UCgnCZ+TkoC39LwJ/vFx77SMzd8YTNCh74vkzXiYZY38kA==",
      "requires": {
        "@fluentui/set-version": "^8.0.3",
        "tslib": "^1.10.0"
      }
    },
    "@fluentui/react": {
      "version": "8.13.1",
      "resolved": "https://registry.npmjs.org/@fluentui/react/-/react-8.13.1.tgz",
      "integrity": "sha512-spUejSL7pOMWLL6HsreNtB6jCGEIQg+qw9K7jXbDnHkQLP0ZD6fBiAtOhZZyk7/xO33yAoUiq+ZB3UehB8aT7A==",
      "requires": {
        "@fluentui/date-time-utilities": "^8.0.3",
        "@fluentui/font-icons-mdl2": "^8.0.5",
        "@fluentui/foundation-legacy": "^8.0.5",
        "@fluentui/merge-styles": "^8.0.4",
        "@fluentui/react-focus": "^8.0.8",
        "@fluentui/react-hooks": "^8.1.3",
        "@fluentui/react-window-provider": "^2.0.3",
        "@fluentui/set-version": "^8.0.3",
        "@fluentui/style-utilities": "^8.0.5",
        "@fluentui/theme": "^2.0.5",
        "@fluentui/utilities": "^8.0.5",
        "@microsoft/load-themed-styles": "^1.10.26",
        "tslib": "^1.10.0"
      }
    },
    "@fluentui/react-focus": {
      "version": "8.0.8",
      "resolved": "https://registry.npmjs.org/@fluentui/react-focus/-/react-focus-8.0.8.tgz",
      "integrity": "sha512-fpeVvqe8Q9kSisla+/aFOGfT/NUqms/eICewTLbd/zTmGwqJ7Ayt8ibgg3oHo1Mh5yyGaK7ICLOrjlC4Z4tslQ==",
      "requires": {
        "@fluentui/keyboard-key": "^0.2.17",
        "@fluentui/merge-styles": "^8.0.4",
        "@fluentui/set-version": "^8.0.3",
        "@fluentui/style-utilities": "^8.0.5",
        "@fluentui/utilities": "^8.0.5",
        "tslib": "^1.10.0"
      }
    },
    "@fluentui/react-hooks": {
      "version": "8.1.3",
      "resolved": "https://registry.npmjs.org/@fluentui/react-hooks/-/react-hooks-8.1.3.tgz",
      "integrity": "sha512-6iWYjfqXvEhHZoY4nmN6APoIdxwNxzVxXOJgq1Oo1nbR10E7Va7mz41gvlFAgg8OmH7mGpdSztlVj6TVl/TY2g==",
      "requires": {
        "@fluentui/react-window-provider": "^2.0.3",
        "@fluentui/set-version": "^8.0.3",
        "@fluentui/utilities": "^8.0.5",
        "tslib": "^1.10.0"
      }
    },
    "@fluentui/react-window-provider": {
      "version": "2.0.3",
      "resolved": "https://registry.npmjs.org/@fluentui/react-window-provider/-/react-window-provider-2.0.3.tgz",
      "integrity": "sha512-eefkmzLJbYjVHtEtGbOwReyeYG+2bDefxdmvPRSVFlcRFCnasTvshuZj3xkaKSu5fsGzGw+f+ab3hDgLSETvbg==",
      "requires": {
        "@fluentui/set-version": "^8.0.3",
        "tslib": "^1.10.0"
      }
    },
    "@fluentui/set-version": {
      "version": "8.0.3",
      "resolved": "https://registry.npmjs.org/@fluentui/set-version/-/set-version-8.0.3.tgz",
      "integrity": "sha512-1Z7sWGnyqpNnmaauYIO+ra1gWA9Q68Y2juHa5goPn9ePLnzzLHZRZbYLSrXTjc9RrfCamq/S/2wPCJOn3N+Thw==",
      "requires": {
        "tslib": "^1.10.0"
      }
    },
    "@fluentui/style-utilities": {
      "version": "8.0.5",
      "resolved": "https://registry.npmjs.org/@fluentui/style-utilities/-/style-utilities-8.0.5.tgz",
      "integrity": "sha512-UjOxYMnhiu4ClmC6y98rXRPvSHG9Bt7a2aNPvmSmTcrGCx8xskMndC45wiixdvGqwkuuBnJ6qinX/qpRjpBl7g==",
      "requires": {
        "@fluentui/merge-styles": "^8.0.4",
        "@fluentui/set-version": "^8.0.3",
        "@fluentui/theme": "^2.0.5",
        "@fluentui/utilities": "^8.0.5",
        "@microsoft/load-themed-styles": "^1.10.26",
        "tslib": "^1.10.0"
      }
    },
    "@fluentui/theme": {
      "version": "2.0.5",
      "resolved": "https://registry.npmjs.org/@fluentui/theme/-/theme-2.0.5.tgz",
      "integrity": "sha512-1rN/YLguSVDHrqNvI5JcoDNna/ndT6i6GGXGhrDNPJvqLAh/rg0cnB3bytwOVMbdfBGP0LN73ox5v6dpO4krpA==",
      "requires": {
        "@fluentui/merge-styles": "^8.0.4",
        "@fluentui/set-version": "^8.0.3",
        "@fluentui/utilities": "^8.0.5",
        "tslib": "^1.10.0"
      }
    },
    "@fluentui/utilities": {
      "version": "8.0.5",
      "resolved": "https://registry.npmjs.org/@fluentui/utilities/-/utilities-8.0.5.tgz",
      "integrity": "sha512-epqvqV4YjKcbgShLhDk/y2Xa+6sUTBXry/BrMPNVwNOqdj2HCf4eCY+a1emFnytMpIVysfYZ6glIx9MNQ8JgNg==",
      "requires": {
        "@fluentui/dom-utilities": "^2.0.3",
        "@fluentui/merge-styles": "^8.0.4",
        "@fluentui/set-version": "^8.0.3",
        "tslib": "^1.10.0"
      }
    },
    "@microsoft/load-themed-styles": {
      "version": "1.10.166",
      "resolved": "https://registry.npmjs.org/@microsoft/load-themed-styles/-/load-themed-styles-1.10.166.tgz",
      "integrity": "sha512-NijDqrR56/dQ9Yzm1M3UmhY/XCVL6FXJtNFt6tYSu/7+T4f0VtRkcWnwR7WbBdsc/YhPJ4I/9YFVxOxliy0KFg=="
    },
    "@microsoft/signalr": {
      "version": "5.0.4",
      "resolved": "https://registry.npmjs.org/@microsoft/signalr/-/signalr-5.0.4.tgz",
      "integrity": "sha512-SZ0yeL3feopNBbLdtpJgiMy+ZIG8MlbR5UDqUa9pHZ+9vdYslQEJM4cvZCurCMM4GXhssiNSRVgqcMxdfhhQiQ==",
      "requires": {
        "abort-controller": "^3.0.0",
        "eventsource": "^1.0.7",
        "fetch-cookie": "^0.7.3",
        "node-fetch": "^2.6.0",
        "ws": "^6.0.0"
      }
    },
    "@types/prop-types": {
      "version": "15.7.3",
      "resolved": "https://registry.npmjs.org/@types/prop-types/-/prop-types-15.7.3.tgz",
      "integrity": "sha512-KfRL3PuHmqQLOG+2tGpRO26Ctg+Cq1E01D2DMriKEATHgWLfeNDmq9e29Q9WIky0dQ3NPkd1mzYH8Lm936Z9qw==",
      "dev": true
    },
    "@types/react": {
      "version": "17.0.4",
      "resolved": "https://registry.npmjs.org/@types/react/-/react-17.0.4.tgz",
      "integrity": "sha512-onz2BqScSFMoTRdJUZUDD/7xrusM8hBA2Fktk2qgaTYPCgPvWnDEgkrOs8hhPUf2jfcIXkJ5yK6VfYormJS3Jw==",
      "dev": true,
      "requires": {
        "@types/prop-types": "*",
        "@types/scheduler": "*",
        "csstype": "^3.0.2"
      }
    },
    "@types/react-dom": {
      "version": "17.0.3",
      "resolved": "https://registry.npmjs.org/@types/react-dom/-/react-dom-17.0.3.tgz",
      "integrity": "sha512-4NnJbCeWE+8YBzupn/YrJxZ8VnjcJq5iR1laqQ1vkpQgBiA7bwk0Rp24fxsdNinzJY2U+HHS4dJJDPdoMjdJ7w==",
      "dev": true,
      "requires": {
        "@types/react": "*"
      }
    },
    "@types/scheduler": {
      "version": "0.16.1",
      "resolved": "https://registry.npmjs.org/@types/scheduler/-/scheduler-0.16.1.tgz",
      "integrity": "sha512-EaCxbanVeyxDRTQBkdLb3Bvl/HK7PBK6UJjsSixB0iHKoWxE5uu2Q/DgtpOhPIojN0Zl1whvOd7PoHs2P0s5eA==",
      "dev": true
    },
    "@types/ts-nameof": {
      "version": "4.2.1",
      "resolved": "https://registry.npmjs.org/@types/ts-nameof/-/ts-nameof-4.2.1.tgz",
      "integrity": "sha512-NgMmD70b8NwX6BYhKh70xWkquAow6iq3kRAPp4sMAk4Mre9PrqZgvpq5+JbDLWIJPc4Q9ctkwSQjVAOlfuvlyQ==",
      "dev": true
    },
    "abort-controller": {
      "version": "3.0.0",
      "resolved": "https://registry.npmjs.org/abort-controller/-/abort-controller-3.0.0.tgz",
      "integrity": "sha512-h8lQ8tacZYnR3vNQTgibj+tODHI5/+l06Au2Pcriv/Gmet0eaj4TwWH41sO9wnHDiQsEj19q0drzdWdeAHtweg==",
      "requires": {
        "event-target-shim": "^5.0.0"
      }
    },
    "asap": {
      "version": "2.0.6",
      "resolved": "https://registry.npmjs.org/asap/-/asap-2.0.6.tgz",
      "integrity": "sha1-5QNHYR1+aQlDIIu9r+vLwvuGbUY=",
      "dev": true
    },
    "async-limiter": {
      "version": "1.0.1",
      "resolved": "https://registry.npmjs.org/async-limiter/-/async-limiter-1.0.1.tgz",
      "integrity": "sha512-csOlWGAcRFJaI6m+F2WKdnMKr4HhdhFVBk0H/QbJFMCr+uO2kwohwXQPxw/9OCxp05r5ghVBFSyioixx3gfkNQ=="
    },
    "core-js": {
      "version": "3.10.0",
      "resolved": "https://registry.npmjs.org/core-js/-/core-js-3.10.0.tgz",
      "integrity": "sha512-MQx/7TLgmmDVamSyfE+O+5BHvG1aUGj/gHhLn1wVtm2B5u1eVIPvh7vkfjwWKNCjrTJB8+He99IntSQ1qP+vYQ==",
      "dev": true
    },
    "csstype": {
      "version": "3.0.8",
      "resolved": "https://registry.npmjs.org/csstype/-/csstype-3.0.8.tgz",
      "integrity": "sha512-jXKhWqXPmlUeoQnF/EhTtTl4C9SnrxSH/jZUih3jmO6lBKr99rP3/+FmrMj4EFpOXzMtXHAZkd3x0E6h6Fgflw==",
      "dev": true
    },
    "es6-denodeify": {
      "version": "0.1.5",
      "resolved": "https://registry.npmjs.org/es6-denodeify/-/es6-denodeify-0.1.5.tgz",
      "integrity": "sha1-MdTV/pxVA+ElRgQ5MQ4WoqPznB8="
    },
    "event-target-shim": {
      "version": "5.0.1",
      "resolved": "https://registry.npmjs.org/event-target-shim/-/event-target-shim-5.0.1.tgz",
      "integrity": "sha512-i/2XbnSz/uxRCU6+NdVJgKWDTM427+MqYbkQzD321DuCQJUqOuJKIA0IM2+W2xtYHdKOmZ4dR6fExsd4SXL+WQ=="
    },
    "eventsource": {
      "version": "1.1.0",
      "resolved": "https://registry.npmjs.org/eventsource/-/eventsource-1.1.0.tgz",
      "integrity": "sha512-VSJjT5oCNrFvCS6igjzPAt5hBzQ2qPBFIbJ03zLI9SE0mxwZpMw6BfJrbFHm1a141AavMEB8JHmBhWAd66PfCg==",
      "requires": {
        "original": "^1.0.0"
      }
    },
    "fetch-cookie": {
      "version": "0.7.3",
      "resolved": "https://registry.npmjs.org/fetch-cookie/-/fetch-cookie-0.7.3.tgz",
      "integrity": "sha512-rZPkLnI8x5V+zYAiz8QonAHsTb4BY+iFowFBI1RFn0zrO343AVp9X7/yUj/9wL6Ef/8fLls8b/vGtzUvmyAUGA==",
      "requires": {
        "es6-denodeify": "^0.1.1",
        "tough-cookie": "^2.3.3"
      }
    },
    "js-tokens": {
      "version": "4.0.0",
      "resolved": "https://registry.npmjs.org/js-tokens/-/js-tokens-4.0.0.tgz",
      "integrity": "sha512-RdJUflcE3cUzKiMqQgsCu06FPu9UdIJO0beYbPhHN4k6apgJtifcoCtT9bcxOpYBtpD2kCM6Sbzg4CausW/PKQ=="
    },
    "loose-envify": {
      "version": "1.4.0",
      "resolved": "https://registry.npmjs.org/loose-envify/-/loose-envify-1.4.0.tgz",
      "integrity": "sha512-lyuxPGr/Wfhrlem2CL/UcnUc1zcqKAImBDzukY7Y5F/yQiNdko6+fRLevlw1HgMySw7f611UIY408EtxRSoK3Q==",
      "requires": {
        "js-tokens": "^3.0.0 || ^4.0.0"
      }
    },
    "node-fetch": {
      "version": "2.6.1",
      "resolved": "https://registry.npmjs.org/node-fetch/-/node-fetch-2.6.1.tgz",
      "integrity": "sha512-V4aYg89jEoVRxRb2fJdAg8FHvI7cEyYdVAh94HH0UIK8oJxUfkjlDQN9RbMx+bEjP7+ggMiFRprSti032Oipxw=="
    },
    "object-assign": {
      "version": "4.1.1",
      "resolved": "https://registry.npmjs.org/object-assign/-/object-assign-4.1.1.tgz",
      "integrity": "sha1-IQmtx5ZYh8/AXLvUQsrIv7s2CGM="
    },
    "original": {
      "version": "1.0.2",
      "resolved": "https://registry.npmjs.org/original/-/original-1.0.2.tgz",
      "integrity": "sha512-hyBVl6iqqUOJ8FqRe+l/gS8H+kKYjrEndd5Pm1MfBtsEKA038HkkdbAl/72EAXGyonD/PFsvmVG+EvcIpliMBg==",
      "requires": {
        "url-parse": "^1.4.3"
      }
    },
    "performance-now": {
      "version": "2.1.0",
      "resolved": "https://registry.npmjs.org/performance-now/-/performance-now-2.1.0.tgz",
      "integrity": "sha1-Ywn04OX6kT7BxpMHrjZLSzd8nns=",
      "dev": true
    },
    "promise": {
      "version": "8.1.0",
      "resolved": "https://registry.npmjs.org/promise/-/promise-8.1.0.tgz",
      "integrity": "sha512-W04AqnILOL/sPRXziNicCjSNRruLAuIHEOVBazepu0545DDNGYHz7ar9ZgZ1fMU8/MA4mVxp5rkBWRi6OXIy3Q==",
      "dev": true,
      "requires": {
        "asap": "~2.0.6"
      }
    },
    "prop-types": {
      "version": "15.7.2",
      "resolved": "https://registry.npmjs.org/prop-types/-/prop-types-15.7.2.tgz",
      "integrity": "sha512-8QQikdH7//R2vurIJSutZ1smHYTcLpRWEOlHnzcWHmBYrOGUysKwSsrC89BCiFj3CbrfJ/nXFdJepOVrY1GCHQ==",
      "requires": {
        "loose-envify": "^1.4.0",
        "object-assign": "^4.1.1",
        "react-is": "^16.8.1"
      }
    },
    "psl": {
      "version": "1.8.0",
      "resolved": "https://registry.npmjs.org/psl/-/psl-1.8.0.tgz",
      "integrity": "sha512-RIdOzyoavK+hA18OGGWDqUTsCLhtA7IcZ/6NCs4fFJaHBDab+pDDmDIByWFRQJq2Cd7r1OoQxBGKOaztq+hjIQ=="
    },
    "punycode": {
      "version": "2.1.1",
      "resolved": "https://registry.npmjs.org/punycode/-/punycode-2.1.1.tgz",
      "integrity": "sha512-XRsRjdf+j5ml+y/6GKHPZbrF/8p2Yga0JPtdqTIY2Xe5ohJPD9saDJJLPvp9+NSBprVvevdXZybnj2cv8OEd0A=="
    },
    "querystringify": {
      "version": "2.2.0",
      "resolved": "https://registry.npmjs.org/querystringify/-/querystringify-2.2.0.tgz",
      "integrity": "sha512-FIqgj2EUvTa7R50u0rGsyTftzjYmv/a3hO345bZNrqabNqjtgiDMgmo4mkUjd+nzU5oF3dClKqFIPUKybUyqoQ=="
    },
    "raf": {
      "version": "3.4.1",
      "resolved": "https://registry.npmjs.org/raf/-/raf-3.4.1.tgz",
      "integrity": "sha512-Sq4CW4QhwOHE8ucn6J34MqtZCeWFP2aQSmrlroYgqAV1PjStIhJXxYuTgUIfkEk7zTLjmIjLmU5q+fbD1NnOJA==",
      "dev": true,
      "requires": {
        "performance-now": "^2.1.0"
      }
    },
    "react": {
      "version": "16.14.0",
      "resolved": "https://registry.npmjs.org/react/-/react-16.14.0.tgz",
      "integrity": "sha512-0X2CImDkJGApiAlcf0ODKIneSwBPhqJawOa5wCtKbu7ZECrmS26NvtSILynQ66cgkT/RJ4LidJOc3bUESwmU8g==",
      "requires": {
        "loose-envify": "^1.1.0",
        "object-assign": "^4.1.1",
        "prop-types": "^15.6.2"
      }
    },
    "react-app-polyfill": {
      "version": "1.0.6",
      "resolved": "https://registry.npmjs.org/react-app-polyfill/-/react-app-polyfill-1.0.6.tgz",
      "integrity": "sha512-OfBnObtnGgLGfweORmdZbyEz+3dgVePQBb3zipiaDsMHV1NpWm0rDFYIVXFV/AK+x4VIIfWHhrdMIeoTLyRr2g==",
      "dev": true,
      "requires": {
        "core-js": "^3.5.0",
        "object-assign": "^4.1.1",
        "promise": "^8.0.3",
        "raf": "^3.4.1",
        "regenerator-runtime": "^0.13.3",
        "whatwg-fetch": "^3.0.0"
      }
    },
    "react-dom": {
      "version": "16.14.0",
      "resolved": "https://registry.npmjs.org/react-dom/-/react-dom-16.14.0.tgz",
      "integrity": "sha512-1gCeQXDLoIqMgqD3IO2Ah9bnf0w9kzhwN5q4FGnHZ67hBm9yePzB5JJAIQCc8x3pFnNlwFq4RidZggNAAkzWWw==",
      "dev": true,
      "requires": {
        "loose-envify": "^1.1.0",
        "object-assign": "^4.1.1",
        "prop-types": "^15.6.2",
        "scheduler": "^0.19.1"
      }
    },
    "react-is": {
      "version": "16.13.1",
      "resolved": "https://registry.npmjs.org/react-is/-/react-is-16.13.1.tgz",
      "integrity": "sha512-24e6ynE2H+OKt4kqsOvNd8kBpV65zoxbA4BVsEOB3ARVWQki/DHzaUoC5KuON/BiccDaCCTZBuOcfZs70kR8bQ=="
    },
    "regenerator-runtime": {
      "version": "0.13.7",
      "resolved": "https://registry.npmjs.org/regenerator-runtime/-/regenerator-runtime-0.13.7.tgz",
      "integrity": "sha512-a54FxoJDIr27pgf7IgeQGxmqUNYrcV338lf/6gH456HZ/PhX+5BcwHXG9ajESmwe6WRO0tAzRUrRmNONWgkrew==",
      "dev": true
    },
    "requires-port": {
      "version": "1.0.0",
      "resolved": "https://registry.npmjs.org/requires-port/-/requires-port-1.0.0.tgz",
      "integrity": "sha1-kl0mAdOaxIXgkc8NpcbmlNw9yv8="
    },
    "scheduler": {
      "version": "0.19.1",
      "resolved": "https://registry.npmjs.org/scheduler/-/scheduler-0.19.1.tgz",
      "integrity": "sha512-n/zwRWRYSUj0/3g/otKDRPMh6qv2SYMWNq85IEa8iZyAv8od9zDYpGSnpBEjNgcMNq6Scbu5KfIPxNF72R/2EA==",
      "dev": true,
      "requires": {
        "loose-envify": "^1.1.0",
        "object-assign": "^4.1.1"
      }
    },
    "tough-cookie": {
      "version": "2.5.0",
      "resolved": "https://registry.npmjs.org/tough-cookie/-/tough-cookie-2.5.0.tgz",
      "integrity": "sha512-nlLsUzgm1kfLXSXfRZMc1KLAugd4hqJHDTvc2hDIwS3mZAfMEuMbc03SujMF+GEcpaX/qboeycw6iO8JwVv2+g==",
      "requires": {
        "psl": "^1.1.28",
        "punycode": "^2.1.1"
      }
    },
    "tslib": {
      "version": "1.14.1",
      "resolved": "https://registry.npmjs.org/tslib/-/tslib-1.14.1.tgz",
      "integrity": "sha512-Xni35NKzjgMrwevysHTCArtLDpPvye8zV/0E4EyYn43P7/7qvQwPh9BGkHewbMulVntbigmcT7rdX3BNo9wRJg=="
    },
    "typescript": {
      "version": "3.9.9",
      "resolved": "https://registry.npmjs.org/typescript/-/typescript-3.9.9.tgz",
      "integrity": "sha512-kdMjTiekY+z/ubJCATUPlRDl39vXYiMV9iyeMuEuXZh2we6zz80uovNN2WlAxmmdE/Z/YQe+EbOEXB5RHEED3w==",
      "dev": true
    },
    "url-parse": {
      "version": "1.5.1",
      "resolved": "https://registry.npmjs.org/url-parse/-/url-parse-1.5.1.tgz",
      "integrity": "sha512-HOfCOUJt7iSYzEx/UqgtwKRMC6EU91NFhsCHMv9oM03VJcVo2Qrp8T8kI9D7amFf1cu+/3CEhgb3rF9zL7k85Q==",
      "requires": {
        "querystringify": "^2.1.1",
        "requires-port": "^1.0.0"
      }
    },
    "whatwg-fetch": {
      "version": "3.6.2",
      "resolved": "https://registry.npmjs.org/whatwg-fetch/-/whatwg-fetch-3.6.2.tgz",
      "integrity": "sha512-bJlen0FcuU/0EMLrdbJ7zOnW6ITZLrZMIarMUVmdKtsGvZna8vxKYaexICWPfZ8qwf9fzNq+UEIZrnSaApt6RA==",
      "dev": true
    },
    "ws": {
      "version": "6.2.1",
      "resolved": "https://registry.npmjs.org/ws/-/ws-6.2.1.tgz",
      "integrity": "sha512-GIyAXC2cB7LjvpgMt9EKS2ldqr0MTrORaleiOno6TweZ6r3TKtoFQWay/2PceJ3RuBasOHzXNn5Lrw1X0bEjqA==",
      "requires": {
        "async-limiter": "~1.0.0"
      }
    }
  }
}
